
Microsoft Visual Studio Solution File, Format Version 12.00
# Visual Studio Version 17
VisualStudioVersion = 17.3.32929.385
MinimumVisualStudioVersion = 10.0.40219.1
Project("{9A19103F-16F7-4668-BE54-9A1E7A4F7556}") = "MISA.AMIS.KETOAN.API", "MISA.AMIS.KETOAN\MISA.AMIS.KETOAN.API.csproj", "{9B6A4C90-E02B-4FFA-AC5A-248E03DA0DAE}"
EndProject
Project("{9A19103F-16F7-4668-BE54-9A1E7A4F7556}") = "MISA.AMIS.KETOAN.API.UnitTests", "MISA.AMIS.KETOAN.UnitTests\MISA.AMIS.KETOAN.API.UnitTests.csproj", "{334ED9E8-DC8D-4F85-B5F6-E700533E31A1}"
EndProject
Project("{FAE04EC0-301F-11D3-BF4B-00C04F79EFBC}") = "MISA.AMIS.KETOAN.BL", "MISA.AMIS.KETOAN.BL\MISA.AMIS.KETOAN.BL.csproj", "{24484C2C-8AC2-4AE4-B827-893214C1A36E}"
EndProject
Project("{FAE04EC0-301F-11D3-BF4B-00C04F79EFBC}") = "MISA.AMIS.KETOAN.DL", "MISA.AMIS.KETOAN.DL\MISA.AMIS.KETOAN.DL.csproj", "{8AD5DEA5-5D15-4E5C-BDA6-BDAA97E8A352}"
EndProject
Project("{FAE04EC0-301F-11D3-BF4B-00C04F79EFBC}") = "MISA.AMIS.KETOAN.Common", "MISA.AMIS.KETOAN.Common\MISA.AMIS.KETOAN.Common.csproj", "{61413B96-CF9C-4349-8E87-79722E486E17}"
EndProject
Global
	GlobalSection(SolutionConfigurationPlatforms) = preSolution
		Debug|Any CPU = Debug|Any CPU
		Release|Any CPU = Release|Any CPU
	EndGlobalSection
	GlobalSection(ProjectConfigurationPlatforms) = postSolution
		{9B6A4C90-E02B-4FFA-AC5A-248E03DA0DAE}.Debug|Any CPU.ActiveCfg = Debug|Any CPU
		{9B6A4C90-E02B-4FFA-AC5A-248E03DA0DAE}.Debug|Any CPU.Build.0 = Debug|Any CPU
		{9B6A4C90-E02B-4FFA-AC5A-248E03DA0DAE}.Release|Any CPU.ActiveCfg = Release|Any CPU
		{9B6A4C90-E02B-4FFA-AC5A-248E03DA0DAE}.Release|Any CPU.Build.0 = Release|Any CPU
		{334ED9E8-DC8D-4F85-B5F6-E700533E31A1}.Debug|Any CPU.ActiveCfg = Debug|Any CPU
		{334ED9E8-DC8D-4F85-B5F6-E700533E31A1}.Debug|Any CPU.Build.0 = Debug|Any CPU
		{334ED9E8-DC8D-4F85-B5F6-E700533E31A1}.Release|Any CPU.ActiveCfg = Release|Any CPU
		{334ED9E8-DC8D-4F85-B5F6-E700533E31A1}.Release|Any CPU.Build.0 = Release|Any CPU
		{24484C2C-8AC2-4AE4-B827-893214C1A36E}.Debug|Any CPU.ActiveCfg = Debug|Any CPU
		{24484C2C-8AC2-4AE4-B827-893214C1A36E}.Debug|Any CPU.Build.0 = Debug|Any CPU
		{24484C2C-8AC2-4AE4-B827-893214C1A36E}.Release|Any CPU.ActiveCfg = Release|Any CPU
		{24484C2C-8AC2-4AE4-B827-893214C1A36E}.Release|Any CPU.Build.0 = Release|Any CPU
		{8AD5DEA5-5D15-4E5C-BDA6-BDAA97E8A352}.Debug|Any CPU.ActiveCfg = Debug|Any CPU
		{8AD5DEA5-5D15-4E5C-BDA6-BDAA97E8A352}.Debug|Any CPU.Build.0 = Debug|Any CPU
		{8AD5DEA5-5D15-4E5C-BDA6-BDAA97E8A352}.Release|Any CPU.ActiveCfg = Release|Any CPU
		{8AD5DEA5-5D15-4E5C-BDA6-BDAA97E8A352}.Release|Any CPU.Build.0 = Release|Any CPU
		{61413B96-CF9C-4349-8E87-79722E486E17}.Debug|Any CPU.ActiveCfg = Debug|Any CPU
		{61413B96-CF9C-4349-8E87-79722E486E17}.Debug|Any CPU.Build.0 = Debug|Any CPU
		{61413B96-CF9C-4349-8E87-79722E486E17}.Release|Any CPU.ActiveCfg = Release|Any CPU
		{61413B96-CF9C-4349-8E87-79722E486E17}.Release|Any CPU.Build.0 = Release|Any CPU
	EndGlobalSection
	GlobalSection(SolutionProperties) = preSolution
		HideSolutionNode = FALSE
	EndGlobalSection
	GlobalSection(ExtensibilityGlobals) = postSolution
		SolutionGuid = {E9AB7C22-AD83-44C0-A06B-54225DD09C16}
	EndGlobalSection
EndGlobal
